// !$*UTF8*$!
{
	archiveVersion = 1;
	classes = {
	};
	objectVersion = 46;
	objects = {

/* Begin PBXBuildFile section */
		2408AA941AFBE1EB007E4ACC /* Counter.m in Sources */ = {isa = PBXBuildFile; fileRef = 2408AA931AFBE1EB007E4ACC /* Counter.m */; };
		2408AA951AFBE34F007E4ACC /* SettingsController.m in Sources */ = {isa = PBXBuildFile; fileRef = 249AB17A1AFAC897006B7F89 /* SettingsController.m */; };
		241E82EC1AF3158F009DF9C1 /* AppDelegate.m in Sources */ = {isa = PBXBuildFile; fileRef = 241E82EB1AF3158F009DF9C1 /* AppDelegate.m */; };
		241E82EE1AF3158F009DF9C1 /* main.m in Sources */ = {isa = PBXBuildFile; fileRef = 241E82ED1AF3158F009DF9C1 /* main.m */; };
		241E82F11AF3158F009DF9C1 /* MainWindowController.m in Sources */ = {isa = PBXBuildFile; fileRef = 241E82F01AF3158F009DF9C1 /* MainWindowController.m */; };
		241E82F41AF3158F009DF9C1 /* KeyCount.xcdatamodeld in Sources */ = {isa = PBXBuildFile; fileRef = 241E82F21AF3158F009DF9C1 /* KeyCount.xcdatamodeld */; };
		241E82F61AF3158F009DF9C1 /* Images.xcassets in Resources */ = {isa = PBXBuildFile; fileRef = 241E82F51AF3158F009DF9C1 /* Images.xcassets */; };
		241E82F91AF3158F009DF9C1 /* Main.storyboard in Resources */ = {isa = PBXBuildFile; fileRef = 241E82F71AF3158F009DF9C1 /* Main.storyboard */; };
		241E83051AF3158F009DF9C1 /* KeyCountTests.m in Sources */ = {isa = PBXBuildFile; fileRef = 241E83041AF3158F009DF9C1 /* KeyCountTests.m */; };
		241EF29A1AFC3D58004A27F0 /* button.png in Resources */ = {isa = PBXBuildFile; fileRef = 241EF2921AFC3D58004A27F0 /* button.png */; };
		241EF29C1AFC3D58004A27F0 /* emailB.png in Resources */ = {isa = PBXBuildFile; fileRef = 241EF2941AFC3D58004A27F0 /* emailB.png */; };
		241EF29D1AFC3D58004A27F0 /* githubB.png in Resources */ = {isa = PBXBuildFile; fileRef = 241EF2951AFC3D58004A27F0 /* githubB.png */; };
		241EF29E1AFC3D58004A27F0 /* icon256.png in Resources */ = {isa = PBXBuildFile; fileRef = 241EF2961AFC3D58004A27F0 /* icon256.png */; };
		241EF29F1AFC3D58004A27F0 /* icon512.png in Resources */ = {isa = PBXBuildFile; fileRef = 241EF2971AFC3D58004A27F0 /* icon512.png */; };
		241EF2A01AFC3D58004A27F0 /* quit.png in Resources */ = {isa = PBXBuildFile; fileRef = 241EF2981AFC3D58004A27F0 /* quit.png */; };
		241EF2A11AFC3D58004A27F0 /* resetB.png in Resources */ = {isa = PBXBuildFile; fileRef = 241EF2991AFC3D58004A27F0 /* resetB.png */; };
		242550571AFC3E2400EE5D76 /* icon32.png in Resources */ = {isa = PBXBuildFile; fileRef = 242550541AFC3E2400EE5D76 /* icon32.png */; };
		242550581AFC3E2400EE5D76 /* icon64.png in Resources */ = {isa = PBXBuildFile; fileRef = 242550551AFC3E2400EE5D76 /* icon64.png */; };
		242550591AFC3E2400EE5D76 /* icon128.png in Resources */ = {isa = PBXBuildFile; fileRef = 242550561AFC3E2400EE5D76 /* icon128.png */; };
		2496032E1AFC3F92006C05C9 /* icon16.png in Resources */ = {isa = PBXBuildFile; fileRef = 2496032D1AFC3F92006C05C9 /* icon16.png */; };
		249AB1781AFAA9CA006B7F89 /* QuartzCore.framework in Frameworks */ = {isa = PBXBuildFile; fileRef = 249AB1771AFAA9CA006B7F89 /* QuartzCore.framework */; };
		24C3DC281AF91EDA004DDD53 /* Status@2x.png in Resources */ = {isa = PBXBuildFile; fileRef = 24C3DC271AF91EDA004DDD53 /* Status@2x.png */; };
/* End PBXBuildFile section */

/* Begin PBXContainerItemProxy section */
		241E82FF1AF3158F009DF9C1 /* PBXContainerItemProxy */ = {
			isa = PBXContainerItemProxy;
			containerPortal = 241E82DD1AF3158F009DF9C1 /* Project object */;
			proxyType = 1;
			remoteGlobalIDString = 241E82E41AF3158F009DF9C1;
			remoteInfo = KeyCount;
		};
/* End PBXContainerItemProxy section */

/* Begin PBXFileReference section */
		2408AA921AFBE1EB007E4ACC /* Counter.h */ = {isa = PBXFileReference; fileEncoding = 4; lastKnownFileType = sourcecode.c.h; path = Counter.h; sourceTree = "<group>"; };
		2408AA931AFBE1EB007E4ACC /* Counter.m */ = {isa = PBXFileReference; fileEncoding = 4; lastKnownFileType = sourcecode.c.objc; path = Counter.m; sourceTree = "<group>"; };
		241E82E51AF3158F009DF9C1 /* KeyCount.app */ = {isa = PBXFileReference; explicitFileType = wrapper.application; includeInIndex = 0; path = KeyCount.app; sourceTree = BUILT_PRODUCTS_DIR; };
		241E82E91AF3158F009DF9C1 /* Info.plist */ = {isa = PBXFileReference; lastKnownFileType = text.plist.xml; path = Info.plist; sourceTree = "<group>"; };
		241E82EA1AF3158F009DF9C1 /* AppDelegate.h */ = {isa = PBXFileReference; lastKnownFileType = sourcecode.c.h; path = AppDelegate.h; sourceTree = "<group>"; };
		241E82EB1AF3158F009DF9C1 /* AppDelegate.m */ = {isa = PBXFileReference; lastKnownFileType = sourcecode.c.objc; path = AppDelegate.m; sourceTree = "<group>"; };
		241E82ED1AF3158F009DF9C1 /* main.m */ = {isa = PBXFileReference; lastKnownFileType = sourcecode.c.objc; path = main.m; sourceTree = "<group>"; };
		241E82EF1AF3158F009DF9C1 /* MainWindowController.h */ = {isa = PBXFileReference; lastKnownFileType = sourcecode.c.h; path = MainWindowController.h; sourceTree = "<group>"; };
		241E82F01AF3158F009DF9C1 /* MainWindowController.m */ = {isa = PBXFileReference; lastKnownFileType = sourcecode.c.objc; path = MainWindowController.m; sourceTree = "<group>"; };
		241E82F31AF3158F009DF9C1 /* KeyCount.xcdatamodel */ = {isa = PBXFileReference; lastKnownFileType = wrapper.xcdatamodel; path = KeyCount.xcdatamodel; sourceTree = "<group>"; };
		241E82F51AF3158F009DF9C1 /* Images.xcassets */ = {isa = PBXFileReference; lastKnownFileType = folder.assetcatalog; path = Images.xcassets; sourceTree = "<group>"; };
		241E82F81AF3158F009DF9C1 /* Base */ = {isa = PBXFileReference; lastKnownFileType = file.storyboard; name = Base; path = Base.lproj/Main.storyboard; sourceTree = "<group>"; };
		241E82FE1AF3158F009DF9C1 /* KeyCountTests.xctest */ = {isa = PBXFileReference; explicitFileType = wrapper.cfbundle; includeInIndex = 0; path = KeyCountTests.xctest; sourceTree = BUILT_PRODUCTS_DIR; };
		241E83031AF3158F009DF9C1 /* Info.plist */ = {isa = PBXFileReference; lastKnownFileType = text.plist.xml; path = Info.plist; sourceTree = "<group>"; };
		241E83041AF3158F009DF9C1 /* KeyCountTests.m */ = {isa = PBXFileReference; lastKnownFileType = sourcecode.c.objc; path = KeyCountTests.m; sourceTree = "<group>"; };
		241EF2921AFC3D58004A27F0 /* button.png */ = {isa = PBXFileReference; lastKnownFileType = image.png; name = button.png; path = images/button.png; sourceTree = "<group>"; };
		241EF2941AFC3D58004A27F0 /* emailB.png */ = {isa = PBXFileReference; lastKnownFileType = image.png; name = emailB.png; path = images/emailB.png; sourceTree = "<group>"; };
		241EF2951AFC3D58004A27F0 /* githubB.png */ = {isa = PBXFileReference; lastKnownFileType = image.png; name = githubB.png; path = images/githubB.png; sourceTree = "<group>"; };
		241EF2961AFC3D58004A27F0 /* icon256.png */ = {isa = PBXFileReference; lastKnownFileType = image.png; name = icon256.png; path = images/icon256.png; sourceTree = "<group>"; };
		241EF2971AFC3D58004A27F0 /* icon512.png */ = {isa = PBXFileReference; lastKnownFileType = image.png; name = icon512.png; path = images/icon512.png; sourceTree = "<group>"; };
		241EF2981AFC3D58004A27F0 /* quit.png */ = {isa = PBXFileReference; lastKnownFileType = image.png; name = quit.png; path = images/quit.png; sourceTree = "<group>"; };
		241EF2991AFC3D58004A27F0 /* resetB.png */ = {isa = PBXFileReference; lastKnownFileType = image.png; name = resetB.png; path = images/resetB.png; sourceTree = "<group>"; };
		242550541AFC3E2400EE5D76 /* icon32.png */ = {isa = PBXFileReference; lastKnownFileType = image.png; name = icon32.png; path = images/icon32.png; sourceTree = "<group>"; };
		242550551AFC3E2400EE5D76 /* icon64.png */ = {isa = PBXFileReference; lastKnownFileType = image.png; name = icon64.png; path = images/icon64.png; sourceTree = "<group>"; };
		242550561AFC3E2400EE5D76 /* icon128.png */ = {isa = PBXFileReference; lastKnownFileType = image.png; name = icon128.png; path = images/icon128.png; sourceTree = "<group>"; };
		2496032D1AFC3F92006C05C9 /* icon16.png */ = {isa = PBXFileReference; lastKnownFileType = image.png; name = icon16.png; path = images/icon16.png; sourceTree = "<group>"; };
		249AB1771AFAA9CA006B7F89 /* QuartzCore.framework */ = {isa = PBXFileReference; lastKnownFileType = wrapper.framework; name = QuartzCore.framework; path = System/Library/Frameworks/QuartzCore.framework; sourceTree = SDKROOT; };
		249AB1791AFAC897006B7F89 /* SettingsController.h */ = {isa = PBXFileReference; fileEncoding = 4; lastKnownFileType = sourcecode.c.h; path = SettingsController.h; sourceTree = "<group>"; };
		249AB17A1AFAC897006B7F89 /* SettingsController.m */ = {isa = PBXFileReference; fileEncoding = 4; lastKnownFileType = sourcecode.c.objc; path = SettingsController.m; sourceTree = "<group>"; };
		24C3DC271AF91EDA004DDD53 /* Status@2x.png */ = {isa = PBXFileReference; lastKnownFileType = image.png; path = "Status@2x.png"; sourceTree = "<group>"; };
/* End PBXFileReference section */

/* Begin PBXFrameworksBuildPhase section */
		241E82E21AF3158F009DF9C1 /* Frameworks */ = {
			isa = PBXFrameworksBuildPhase;
			buildActionMask = 2147483647;
			files = (
				249AB1781AFAA9CA006B7F89 /* QuartzCore.framework in Frameworks */,
			);
			runOnlyForDeploymentPostprocessing = 0;
		};
		241E82FB1AF3158F009DF9C1 /* Frameworks */ = {
			isa = PBXFrameworksBuildPhase;
			buildActionMask = 2147483647;
			files = (
			);
			runOnlyForDeploymentPostprocessing = 0;
		};
/* End PBXFrameworksBuildPhase section */

/* Begin PBXGroup section */
		241E82DC1AF3158F009DF9C1 = {
			isa = PBXGroup;
			children = (
				249AB1771AFAA9CA006B7F89 /* QuartzCore.framework */,
				241E82E71AF3158F009DF9C1 /* KeyCount */,
				241E83011AF3158F009DF9C1 /* KeyCountTests */,
				241E82E61AF3158F009DF9C1 /* Products */,
			);
			sourceTree = "<group>";
		};
		241E82E61AF3158F009DF9C1 /* Products */ = {
			isa = PBXGroup;
			children = (
				241E82E51AF3158F009DF9C1 /* KeyCount.app */,
				241E82FE1AF3158F009DF9C1 /* KeyCountTests.xctest */,
			);
			name = Products;
			sourceTree = "<group>";
		};
		241E82E71AF3158F009DF9C1 /* KeyCount */ = {
			isa = PBXGroup;
			children = (
				241EF28F1AFC31AF004A27F0 /* Images */,
				241E83131AF3ED39009DF9C1 /* code */,
				241E82E81AF3158F009DF9C1 /* Supporting Files */,
			);
			path = KeyCount;
			sourceTree = "<group>";
		};
		241E82E81AF3158F009DF9C1 /* Supporting Files */ = {
			isa = PBXGroup;
			children = (
				241E82F71AF3158F009DF9C1 /* Main.storyboard */,
				241E82F21AF3158F009DF9C1 /* KeyCount.xcdatamodeld */,
				241E82E91AF3158F009DF9C1 /* Info.plist */,
				241E82ED1AF3158F009DF9C1 /* main.m */,
			);
			name = "Supporting Files";
			sourceTree = "<group>";
		};
		241E83011AF3158F009DF9C1 /* KeyCountTests */ = {
			isa = PBXGroup;
			children = (
				241E83041AF3158F009DF9C1 /* KeyCountTests.m */,
				241E83021AF3158F009DF9C1 /* Supporting Files */,
			);
			path = KeyCountTests;
			sourceTree = "<group>";
		};
		241E83021AF3158F009DF9C1 /* Supporting Files */ = {
			isa = PBXGroup;
			children = (
				241E83031AF3158F009DF9C1 /* Info.plist */,
			);
			name = "Supporting Files";
			sourceTree = "<group>";
		};
		241E83131AF3ED39009DF9C1 /* code */ = {
			isa = PBXGroup;
			children = (
				249AB1791AFAC897006B7F89 /* SettingsController.h */,
				249AB17A1AFAC897006B7F89 /* SettingsController.m */,
				241E82EA1AF3158F009DF9C1 /* AppDelegate.h */,
				241E82EB1AF3158F009DF9C1 /* AppDelegate.m */,
				241E82EF1AF3158F009DF9C1 /* MainWindowController.h */,
				241E82F01AF3158F009DF9C1 /* MainWindowController.m */,
				2408AA921AFBE1EB007E4ACC /* Counter.h */,
				2408AA931AFBE1EB007E4ACC /* Counter.m */,
			);
			name = code;
			sourceTree = "<group>";
		};
		241EF28F1AFC31AF004A27F0 /* Images */ = {
			isa = PBXGroup;
			children = (
				241EF2921AFC3D58004A27F0 /* button.png */,
				241EF2941AFC3D58004A27F0 /* emailB.png */,
				241EF2951AFC3D58004A27F0 /* githubB.png */,
				241EF2961AFC3D58004A27F0 /* icon256.png */,
				242550541AFC3E2400EE5D76 /* icon32.png */,
				2496032D1AFC3F92006C05C9 /* icon16.png */,
				242550551AFC3E2400EE5D76 /* icon64.png */,
				242550561AFC3E2400EE5D76 /* icon128.png */,
				241EF2971AFC3D58004A27F0 /* icon512.png */,
				241EF2981AFC3D58004A27F0 /* quit.png */,
				241EF2991AFC3D58004A27F0 /* resetB.png */,
				241E82F51AF3158F009DF9C1 /* Images.xcassets */,
				24C3DC271AF91EDA004DDD53 /* Status@2x.png */,
			);
			name = Images;
			sourceTree = "<group>";
		};
/* End PBXGroup section */

/* Begin PBXNativeTarget section */
		241E82E41AF3158F009DF9C1 /* KeyCount */ = {
			isa = PBXNativeTarget;
			buildConfigurationList = 241E83081AF3158F009DF9C1 /* Build configuration list for PBXNativeTarget "KeyCount" */;
			buildPhases = (
				241E82E11AF3158F009DF9C1 /* Sources */,
				241E82E21AF3158F009DF9C1 /* Frameworks */,
				241E82E31AF3158F009DF9C1 /* Resources */,
			);
			buildRules = (
			);
			dependencies = (
			);
			name = KeyCount;
			productName = KeyCount;
			productReference = 241E82E51AF3158F009DF9C1 /* KeyCount.app */;
			productType = "com.apple.product-type.application";
		};
		241E82FD1AF3158F009DF9C1 /* KeyCountTests */ = {
			isa = PBXNativeTarget;
			buildConfigurationList = 241E830B1AF3158F009DF9C1 /* Build configuration list for PBXNativeTarget "KeyCountTests" */;
			buildPhases = (
				241E82FA1AF3158F009DF9C1 /* Sources */,
				241E82FB1AF3158F009DF9C1 /* Frameworks */,
				241E82FC1AF3158F009DF9C1 /* Resources */,
			);
			buildRules = (
			);
			dependencies = (
				241E83001AF3158F009DF9C1 /* PBXTargetDependency */,
			);
			name = KeyCountTests;
			productName = KeyCountTests;
			productReference = 241E82FE1AF3158F009DF9C1 /* KeyCountTests.xctest */;
			productType = "com.apple.product-type.bundle.unit-test";
		};
/* End PBXNativeTarget section */

/* Begin PBXProject section */
		241E82DD1AF3158F009DF9C1 /* Project object */ = {
			isa = PBXProject;
			attributes = {
				LastUpgradeCheck = 0630;
				ORGANIZATIONNAME = "Shevchenko Nik";
				TargetAttributes = {
					241E82E41AF3158F009DF9C1 = {
						CreatedOnToolsVersion = 6.3.1;
					};
					241E82FD1AF3158F009DF9C1 = {
						CreatedOnToolsVersion = 6.3.1;
						TestTargetID = 241E82E41AF3158F009DF9C1;
					};
				};
			};
			buildConfigurationList = 241E82E01AF3158F009DF9C1 /* Build configuration list for PBXProject "KeyCount" */;
			compatibilityVersion = "Xcode 3.2";
			developmentRegion = English;
			hasScannedForEncodings = 0;
			knownRegions = (
				en,
				Base,
			);
			mainGroup = 241E82DC1AF3158F009DF9C1;
			productRefGroup = 241E82E61AF3158F009DF9C1 /* Products */;
			projectDirPath = "";
			projectRoot = "";
			targets = (
				241E82E41AF3158F009DF9C1 /* KeyCount */,
				241E82FD1AF3158F009DF9C1 /* KeyCountTests */,
			);
		};
/* End PBXProject section */

/* Begin PBXResourcesBuildPhase section */
		241E82E31AF3158F009DF9C1 /* Resources */ = {
			isa = PBXResourcesBuildPhase;
			buildActionMask = 2147483647;
			files = (
				241E82F61AF3158F009DF9C1 /* Images.xcassets in Resources */,
				241EF29A1AFC3D58004A27F0 /* button.png in Resources */,
				241E82F91AF3158F009DF9C1 /* Main.storyboard in Resources */,
				2496032E1AFC3F92006C05C9 /* icon16.png in Resources */,
				241EF29E1AFC3D58004A27F0 /* icon256.png in Resources */,
				242550581AFC3E2400EE5D76 /* icon64.png in Resources */,
				242550591AFC3E2400EE5D76 /* icon128.png in Resources */,
				241EF2A11AFC3D58004A27F0 /* resetB.png in Resources */,
				241EF29F1AFC3D58004A27F0 /* icon512.png in Resources */,
				242550571AFC3E2400EE5D76 /* icon32.png in Resources */,
				241EF2A01AFC3D58004A27F0 /* quit.png in Resources */,
				24C3DC281AF91EDA004DDD53 /* Status@2x.png in Resources */,
				241EF29C1AFC3D58004A27F0 /* emailB.png in Resources */,
				241EF29D1AFC3D58004A27F0 /* githubB.png in Resources */,
			);
			runOnlyForDeploymentPostprocessing = 0;
		};
		241E82FC1AF3158F009DF9C1 /* Resources */ = {
			isa = PBXResourcesBuildPhase;
			buildActionMask = 2147483647;
			files = (
			);
			runOnlyForDeploymentPostprocessing = 0;
		};
/* End PBXResourcesBuildPhase section */

/* Begin PBXSourcesBuildPhase section */
		241E82E11AF3158F009DF9C1 /* Sources */ = {
			isa = PBXSourcesBuildPhase;
			buildActionMask = 2147483647;
			files = (
				2408AA951AFBE34F007E4ACC /* SettingsController.m in Sources */,
				241E82F11AF3158F009DF9C1 /* MainWindowController.m in Sources */,
				241E82EE1AF3158F009DF9C1 /* main.m in Sources */,
				241E82EC1AF3158F009DF9C1 /* AppDelegate.m in Sources */,
				2408AA941AFBE1EB007E4ACC /* Counter.m in Sources */,
				241E82F41AF3158F009DF9C1 /* KeyCount.xcdatamodeld in Sources */,
			);
			runOnlyForDeploymentPostprocessing = 0;
		};
		241E82FA1AF3158F009DF9C1 /* Sources */ = {
			isa = PBXSourcesBuildPhase;
			buildActionMask = 2147483647;
			files = (
				241E83051AF3158F009DF9C1 /* KeyCountTests.m in Sources */,
			);
			runOnlyForDeploymentPostprocessing = 0;
		};
/* End PBXSourcesBuildPhase section */

/* Begin PBXTargetDependency section */
		241E83001AF3158F009DF9C1 /* PBXTargetDependency */ = {
			isa = PBXTargetDependency;
			target = 241E82E41AF3158F009DF9C1 /* KeyCount */;
			targetProxy = 241E82FF1AF3158F009DF9C1 /* PBXContainerItemProxy */;
		};
/* End PBXTargetDependency section */

/* Begin PBXVariantGroup section */
		241E82F71AF3158F009DF9C1 /* Main.storyboard */ = {
			isa = PBXVariantGroup;
			children = (
				241E82F81AF3158F009DF9C1 /* Base */,
			);
			name = Main.storyboard;
			sourceTree = "<group>";
		};
/* End PBXVariantGroup section */

/* Begin XCBuildConfiguration section */
		241E83061AF3158F009DF9C1 /* Debug */ = {
			isa = XCBuildConfiguration;
			buildSettings = {
				ALWAYS_SEARCH_USER_PATHS = NO;
				CLANG_CXX_LANGUAGE_STANDARD = "gnu++0x";
				CLANG_CXX_LIBRARY = "libc++";
				CLANG_ENABLE_MODULES = YES;
				CLANG_ENABLE_OBJC_ARC = YES;
				CLANG_WARN_BOOL_CONVERSION = YES;
				CLANG_WARN_CONSTANT_CONVERSION = YES;
				CLANG_WARN_DIRECT_OBJC_ISA_USAGE = YES_ERROR;
				CLANG_WARN_EMPTY_BODY = YES;
				CLANG_WARN_ENUM_CONVERSION = YES;
				CLANG_WARN_INT_CONVERSION = YES;
				CLANG_WARN_OBJC_ROOT_CLASS = YES_ERROR;
				CLANG_WARN_UNREACHABLE_CODE = YES;
				CLANG_WARN__DUPLICATE_METHOD_MATCH = YES;
				CODE_SIGN_IDENTITY = "-";
				COPY_PHASE_STRIP = NO;
				DEBUG_INFORMATION_FORMAT = dwarf;
				ENABLE_STRICT_OBJC_MSGSEND = YES;
				GCC_C_LANGUAGE_STANDARD = gnu99;
				GCC_DYNAMIC_NO_PIC = NO;
				GCC_NO_COMMON_BLOCKS = YES;
				GCC_OPTIMIZATION_LEVEL = 0;
				GCC_PREPROCESSOR_DEFINITIONS = (
					"DEBUG=1",
					"$(inherited)",
				);
				GCC_SYMBOLS_PRIVATE_EXTERN = NO;
				GCC_WARN_64_TO_32_BIT_CONVERSION = YES;
				GCC_WARN_ABOUT_RETURN_TYPE = YES_ERROR;
				GCC_WARN_UNDECLARED_SELECTOR = YES;
				GCC_WARN_UNINITIALIZED_AUTOS = YES_AGGRESSIVE;
				GCC_WARN_UNUSED_FUNCTION = YES;
				GCC_WARN_UNUSED_VARIABLE = YES;
				MACOSX_DEPLOYMENT_TARGET = 10.10;
				MTL_ENABLE_DEBUG_INFO = YES;
				ONLY_ACTIVE_ARCH = YES;
				SDKROOT = macosx;
			};
			name = Debug;
		};
		241E83071AF3158F009DF9C1 /* Release */ = {
			isa = XCBuildConfiguration;
			buildSettings = {
				ALWAYS_SEARCH_USER_PATHS = NO;
				CLANG_CXX_LANGUAGE_STANDARD = "gnu++0x";
				CLANG_CXX_LIBRARY = "libc++";
				CLANG_ENABLE_MODULES = YES;
				CLANG_ENABLE_OBJC_ARC = YES;
				CLANG_WARN_BOOL_CONVERSION = YES;
				CLANG_WARN_CONSTANT_CONVERSION = YES;
				CLANG_WARN_DIRECT_OBJC_ISA_USAGE = YES_ERROR;
				CLANG_WARN_EMPTY_BODY = YES;
				CLANG_WARN_ENUM_CONVERSION = YES;
				CLANG_WARN_INT_CONVERSION = YES;
				CLANG_WARN_OBJC_ROOT_CLASS = YES_ERROR;
				CLANG_WARN_UNREACHABLE_CODE = YES;
				CLANG_WARN__DUPLICATE_METHOD_MATCH = YES;
				CODE_SIGN_IDENTITY = "-";
				COPY_PHASE_STRIP = NO;
				DEBUG_INFORMATION_FORMAT = "dwarf-with-dsym";
				ENABLE_NS_ASSERTIONS = NO;
				ENABLE_STRICT_OBJC_MSGSEND = YES;
				GCC_C_LANGUAGE_STANDARD = gnu99;
				GCC_NO_COMMON_BLOCKS = YES;
				GCC_WARN_64_TO_32_BIT_CONVERSION = YES;
				GCC_WARN_ABOUT_RETURN_TYPE = YES_ERROR;
				GCC_WARN_UNDECLARED_SELECTOR = YES;
				GCC_WARN_UNINITIALIZED_AUTOS = YES_AGGRESSIVE;
				GCC_WARN_UNUSED_FUNCTION = YES;
				GCC_WARN_UNUSED_VARIABLE = YES;
				MACOSX_DEPLOYMENT_TARGET = 10.10;
				MTL_ENABLE_DEBUG_INFO = NO;
				SDKROOT = macosx;
			};
			name = Release;
		};
		241E83091AF3158F009DF9C1 /* Debug */ = {
			isa = XCBuildConfiguration;
			buildSettings = {
				ASSETCATALOG_COMPILER_APPICON_NAME = AppIcon;
				CODE_SIGN_IDENTITY = "Developer ID Application";
				"CODE_SIGN_IDENTITY[sdk=macosx*]" = "";
				COMBINE_HIDPI_IMAGES = YES;
				INFOPLIST_FILE = KeyCount/Info.plist;
				LD_RUNPATH_SEARCH_PATHS = "$(inherited) @executable_path/../Frameworks";
				PRODUCT_NAME = "$(TARGET_NAME)";
				PROVISIONING_PROFILE = "";
			};
			name = Debug;
		};
		241E830A1AF3158F009DF9C1 /* Release */ = {
			isa = XCBuildConfiguration;
			buildSettings = {
				ASSETCATALOG_COMPILER_APPICON_NAME = AppIcon;
				CODE_SIGN_IDENTITY = "Developer ID Application";
				"CODE_SIGN_IDENTITY[sdk=macosx*]" = "";
				COMBINE_HIDPI_IMAGES = YES;
				INFOPLIST_FILE = KeyCount/Info.plist;
				LD_RUNPATH_SEARCH_PATHS = "$(inherited) @executable_path/../Frameworks";
				PRODUCT_NAME = "$(TARGET_NAME)";
				PROVISIONING_PROFILE = "";
			};
			name = Release;
		};
		241E830C1AF3158F009DF9C1 /* Debug */ = {
			isa = XCBuildConfiguration;
			buildSettings = {
				BUNDLE_LOADER = "$(TEST_HOST)";
				COMBINE_HIDPI_IMAGES = YES;
				FRAMEWORK_SEARCH_PATHS = (
					"$(DEVELOPER_FRAMEWORKS_DIR)",
					"$(inherited)",
				);
				GCC_PREPROCESSOR_DEFINITIONS = (
					"DEBUG=1",
					"$(inherited)",
				);
				INFOPLIST_FILE = KeyCountTests/Info.plist;
				LD_RUNPATH_SEARCH_PATHS = "$(inherited) @executable_path/../Frameworks @loader_path/../Frameworks";
				PRODUCT_NAME = "$(TARGET_NAME)";
				TEST_HOST = "$(BUILT_PRODUCTS_DIR)/KeyCount.app/Contents/MacOS/KeyCount";
			};
			name = Debug;
		};
		241E830D1AF3158F009DF9C1 /* Release */ = {
			isa = XCBuildConfiguration;
			buildSettings = {
				BUNDLE_LOADER = "$(TEST_HOST)";
				COMBINE_HIDPI_IMAGES = YES;
				FRAMEWORK_SEARCH_PATHS = (
					"$(DEVELOPER_FRAMEWORKS_DIR)",
					"$(inherited)",
				);
				INFOPLIST_FILE = KeyCountTests/Info.plist;
				LD_RUNPATH_SEARCH_PATHS = "$(inherited) @executable_path/../Frameworks @loader_path/../Frameworks";
				PRODUCT_NAME = "$(TARGET_NAME)";
				TEST_HOST = "$(BUILT_PRODUCTS_DIR)/KeyCount.app/Contents/MacOS/KeyCount";
			};
			name = Release;
		};
/* End XCBuildConfiguration section */

/* Begin XCConfigurationList section */
		241E82E01AF3158F009DF9C1 /* Build configuration list for PBXProject "KeyCount" */ = {
			isa = XCConfigurationList;
			buildConfigurations = (
				241E83061AF3158F009DF9C1 /* Debug */,
				241E83071AF3158F009DF9C1 /* Release */,
			);
			defaultConfigurationIsVisible = 0;
			defaultConfigurationName = Release;
		};
		241E83081AF3158F009DF9C1 /* Build configuration list for PBXNativeTarget "KeyCount" */ = {
			isa = XCConfigurationList;
			buildConfigurations = (
				241E83091AF3158F009DF9C1 /* Debug */,
				241E830A1AF3158F009DF9C1 /* Release */,
			);
			defaultConfigurationIsVisible = 0;
			defaultConfigurationName = Release;
		};
		241E830B1AF3158F009DF9C1 /* Build configuration list for PBXNativeTarget "KeyCountTests" */ = {
			isa = XCConfigurationList;
			buildConfigurations = (
				241E830C1AF3158F009DF9C1 /* Debug */,
				241E830D1AF3158F009DF9C1 /* Release */,
			);
			defaultConfigurationIsVisible = 0;
			defaultConfigurationName = Release;
		};
/* End XCConfigurationList section */

/* Begin XCVersionGroup section */
		241E82F21AF3158F009DF9C1 /* KeyCount.xcdatamodeld */ = {
			isa = XCVersionGroup;
			children = (
				241E82F31AF3158F009DF9C1 /* KeyCount.xcdatamodel */,
			);
			currentVersion = 241E82F31AF3158F009DF9C1 /* KeyCount.xcdatamodel */;
			path = KeyCount.xcdatamodeld;
			sourceTree = "<group>";
			versionGroupType = wrapper.xcdatamodel;
		};
/* End XCVersionGroup section */
	};
	rootObject = 241E82DD1AF3158F009DF9C1 /* Project object */;
}
