// !$*UTF8*$!
{
	archiveVersion = 1;
	classes = {
	};
	objectVersion = 46;
	objects = {

/* Begin PBXBuildFile section */
		241E82EC1AF3158F009DF9C1 /* AppDelegate.m in Sources */ = {isa = PBXBuildFile; fileRef = 241E82EB1AF3158F009DF9C1 /* AppDelegate.m */; };
		241E82EE1AF3158F009DF9C1 /* main.m in Sources */ = {isa = PBXBuildFile; fileRef = 241E82ED1AF3158F009DF9C1 /* main.m */; };
		241E82F11AF3158F009DF9C1 /* ViewController.m in Sources */ = {isa = PBXBuildFile; fileRef = 241E82F01AF3158F009DF9C1 /* ViewController.m */; };
		241E82F41AF3158F009DF9C1 /* KeyCount.xcdatamodeld in Sources */ = {isa = PBXBuildFile; fileRef = 241E82F21AF3158F009DF9C1 /* KeyCount.xcdatamodeld */; };
		241E82F61AF3158F009DF9C1 /* Images.xcassets in Resources */ = {isa = PBXBuildFile; fileRef = 241E82F51AF3158F009DF9C1 /* Images.xcassets */; };
		241E82F91AF3158F009DF9C1 /* Main.storyboard in Resources */ = {isa = PBXBuildFile; fileRef = 241E82F71AF3158F009DF9C1 /* Main.storyboard */; };
		241E83051AF3158F009DF9C1 /* KeyCountTests.m in Sources */ = {isa = PBXBuildFile; fileRef = 241E83041AF3158F009DF9C1 /* KeyCountTests.m */; };
/* End PBXBuildFile section */

/* Begin PBXContainerItemProxy section */
		241E82FF1AF3158F009DF9C1 /* PBXContainerItemProxy */ = {
			isa = PBXContainerItemProxy;
			containerPortal = 241E82DD1AF3158F009DF9C1 /* Project object */;
			proxyType = 1;
			remoteGlobalIDString = 241E82E41AF3158F009DF9C1;
			remoteInfo = KeyCount;
		};
/* End PBXContainerItemProxy section */

/* Begin PBXFileReference section */
		241E82E51AF3158F009DF9C1 /* KeyCount.app */ = {isa = PBXFileReference; explicitFileType = wrapper.application; includeInIndex = 0; path = KeyCount.app; sourceTree = BUILT_PRODUCTS_DIR; };
		241E82E91AF3158F009DF9C1 /* Info.plist */ = {isa = PBXFileReference; lastKnownFileType = text.plist.xml; path = Info.plist; sourceTree = "<group>"; };
		241E82EA1AF3158F009DF9C1 /* AppDelegate.h */ = {isa = PBXFileReference; lastKnownFileType = sourcecode.c.h; path = AppDelegate.h; sourceTree = "<group>"; };
		241E82EB1AF3158F009DF9C1 /* AppDelegate.m */ = {isa = PBXFileReference; lastKnownFileType = sourcecode.c.objc; path = AppDelegate.m; sourceTree = "<group>"; };
		241E82ED1AF3158F009DF9C1 /* main.m */ = {isa = PBXFileReference; lastKnownFileType = sourcecode.c.objc; path = main.m; sourceTree = "<group>"; };
		241E82EF1AF3158F009DF9C1 /* ViewController.h */ = {isa = PBXFileReference; lastKnownFileType = sourcecode.c.h; path = ViewController.h; sourceTree = "<group>"; };
		241E82F01AF3158F009DF9C1 /* ViewController.m */ = {isa = PBXFileReference; lastKnownFileType = sourcecode.c.objc; path = ViewController.m; sourceTree = "<group>"; };
		241E82F31AF3158F009DF9C1 /* KeyCount.xcdatamodel */ = {isa = PBXFileReference; lastKnownFileType = wrapper.xcdatamodel; path = KeyCount.xcdatamodel; sourceTree = "<group>"; };
		241E82F51AF3158F009DF9C1 /* Images.xcassets */ = {isa = PBXFileReference; lastKnownFileType = folder.assetcatalog; path = Images.xcassets; sourceTree = "<group>"; };
		241E82F81AF3158F009DF9C1 /* Base */ = {isa = PBXFileReference; lastKnownFileType = file.storyboard; name = Base; path = Base.lproj/Main.storyboard; sourceTree = "<group>"; };
		241E82FE1AF3158F009DF9C1 /* KeyCountTests.xctest */ = {isa = PBXFileReference; explicitFileType = wrapper.cfbundle; includeInIndex = 0; path = KeyCountTests.xctest; sourceTree = BUILT_PRODUCTS_DIR; };
		241E83031AF3158F009DF9C1 /* Info.plist */ = {isa = PBXFileReference; lastKnownFileType = text.plist.xml; path = Info.plist; sourceTree = "<group>"; };
		241E83041AF3158F009DF9C1 /* KeyCountTests.m */ = {isa = PBXFileReference; lastKnownFileType = sourcecode.c.objc; path = KeyCountTests.m; sourceTree = "<group>"; };
/* End PBXFileReference section */

/* Begin PBXFrameworksBuildPhase section */
		241E82E21AF3158F009DF9C1 /* Frameworks */ = {
			isa = PBXFrameworksBuildPhase;
			buildActionMask = 2147483647;
			files = (
			);
			runOnlyForDeploymentPostprocessing = 0;
		};
		241E82FB1AF3158F009DF9C1 /* Frameworks */ = {
			isa = PBXFrameworksBuildPhase;
			buildActionMask = 2147483647;
			files = (
			);
			runOnlyForDeploymentPostprocessing = 0;
		};
/* End PBXFrameworksBuildPhase section */

/* Begin PBXGroup section */
		241E82DC1AF3158F009DF9C1 = {
			isa = PBXGroup;
			children = (
				241E82E71AF3158F009DF9C1 /* KeyCount */,
				241E83011AF3158F009DF9C1 /* KeyCountTests */,
				241E82E61AF3158F009DF9C1 /* Products */,
			);
			sourceTree = "<group>";
		};
		241E82E61AF3158F009DF9C1 /* Products */ = {
			isa = PBXGroup;
			children = (
				241E82E51AF3158F009DF9C1 /* KeyCount.app */,
				241E82FE1AF3158F009DF9C1 /* KeyCountTests.xctest */,
			);
			name = Products;
			sourceTree = "<group>";
		};
		241E82E71AF3158F009DF9C1 /* KeyCount */ = {
			isa = PBXGroup;
			children = (
				241E82EA1AF3158F009DF9C1 /* AppDelegate.h */,
				241E82EB1AF3158F009DF9C1 /* AppDelegate.m */,
				241E82EF1AF3158F009DF9C1 /* ViewController.h */,
				241E82F01AF3158F009DF9C1 /* ViewController.m */,
				241E82F51AF3158F009DF9C1 /* Images.xcassets */,
				241E82F71AF3158F009DF9C1 /* Main.storyboard */,
				241E82F21AF3158F009DF9C1 /* KeyCount.xcdatamodeld */,
				241E82E81AF3158F009DF9C1 /* Supporting Files */,
			);
			path = KeyCount;
			sourceTree = "<group>";
		};
		241E82E81AF3158F009DF9C1 /* Supporting Files */ = {
			isa = PBXGroup;
			children = (
				241E82E91AF3158F009DF9C1 /* Info.plist */,
				241E82ED1AF3158F009DF9C1 /* main.m */,
			);
			name = "Supporting Files";
			sourceTree = "<group>";
		};
		241E83011AF3158F009DF9C1 /* KeyCountTests */ = {
			isa = PBXGroup;
			children = (
				241E83041AF3158F009DF9C1 /* KeyCountTests.m */,
				241E83021AF3158F009DF9C1 /* Supporting Files */,
			);
			path = KeyCountTests;
			sourceTree = "<group>";
		};
		241E83021AF3158F009DF9C1 /* Supporting Files */ = {
			isa = PBXGroup;
			children = (
				241E83031AF3158F009DF9C1 /* Info.plist */,
			);
			name = "Supporting Files";
			sourceTree = "<group>";
		};
/* End PBXGroup section */

/* Begin PBXNativeTarget section */
		241E82E41AF3158F009DF9C1 /* KeyCount */ = {
			isa = PBXNativeTarget;
			buildConfigurationList = 241E83081AF3158F009DF9C1 /* Build configuration list for PBXNativeTarget "KeyCount" */;
			buildPhases = (
				241E82E11AF3158F009DF9C1 /* Sources */,
				241E82E21AF3158F009DF9C1 /* Frameworks */,
				241E82E31AF3158F009DF9C1 /* Resources */,
			);
			buildRules = (
			);
			dependencies = (
			);
			name = KeyCount;
			productName = KeyCount;
			productReference = 241E82E51AF3158F009DF9C1 /* KeyCount.app */;
			productType = "com.apple.product-type.application";
		};
		241E82FD1AF3158F009DF9C1 /* KeyCountTests */ = {
			isa = PBXNativeTarget;
			buildConfigurationList = 241E830B1AF3158F009DF9C1 /* Build configuration list for PBXNativeTarget "KeyCountTests" */;
			buildPhases = (
				241E82FA1AF3158F009DF9C1 /* Sources */,
				241E82FB1AF3158F009DF9C1 /* Frameworks */,
				241E82FC1AF3158F009DF9C1 /* Resources */,
			);
			buildRules = (
			);
			dependencies = (
				241E83001AF3158F009DF9C1 /* PBXTargetDependency */,
			);
			name = KeyCountTests;
			productName = KeyCountTests;
			productReference = 241E82FE1AF3158F009DF9C1 /* KeyCountTests.xctest */;
			productType = "com.apple.product-type.bundle.unit-test";
		};
/* End PBXNativeTarget section */

/* Begin PBXProject section */
		241E82DD1AF3158F009DF9C1 /* Project object */ = {
			isa = PBXProject;
			attributes = {
				LastUpgradeCheck = 0630;
				ORGANIZATIONNAME = "Shevchenko Nik";
				TargetAttributes = {
					241E82E41AF3158F009DF9C1 = {
						CreatedOnToolsVersion = 6.3.1;
					};
					241E82FD1AF3158F009DF9C1 = {
						CreatedOnToolsVersion = 6.3.1;
						TestTargetID = 241E82E41AF3158F009DF9C1;
					};
				};
			};
			buildConfigurationList = 241E82E01AF3158F009DF9C1 /* Build configuration list for PBXProject "KeyCount" */;
			compatibilityVersion = "Xcode 3.2";
			developmentRegion = English;
			hasScannedForEncodings = 0;
			knownRegions = (
				en,
				Base,
			);
			mainGroup = 241E82DC1AF3158F009DF9C1;
			productRefGroup = 241E82E61AF3158F009DF9C1 /* Products */;
			projectDirPath = "";
			projectRoot = "";
			targets = (
				241E82E41AF3158F009DF9C1 /* KeyCount */,
				241E82FD1AF3158F009DF9C1 /* KeyCountTests */,
			);
		};
/* End PBXProject section */

/* Begin PBXResourcesBuildPhase section */
		241E82E31AF3158F009DF9C1 /* Resources */ = {
			isa = PBXResourcesBuildPhase;
			buildActionMask = 2147483647;
			files = (
				241E82F61AF3158F009DF9C1 /* Images.xcassets in Resources */,
				241E82F91AF3158F009DF9C1 /* Main.storyboard in Resources */,
			);
			runOnlyForDeploymentPostprocessing = 0;
		};
		241E82FC1AF3158F009DF9C1 /* Resources */ = {
			isa = PBXResourcesBuildPhase;
			buildActionMask = 2147483647;
			files = (
			);
			runOnlyForDeploymentPostprocessing = 0;
		};
/* End PBXResourcesBuildPhase section */

/* Begin PBXSourcesBuildPhase section */
		241E82E11AF3158F009DF9C1 /* Sources */ = {
			isa = PBXSourcesBuildPhase;
			buildActionMask = 2147483647;
			files = (
				241E82F11AF3158F009DF9C1 /* ViewController.m in Sources */,
				241E82EE1AF3158F009DF9C1 /* main.m in Sources */,
				241E82EC1AF3158F009DF9C1 /* AppDelegate.m in Sources */,
				241E82F41AF3158F009DF9C1 /* KeyCount.xcdatamodeld in Sources */,
			);
			runOnlyForDeploymentPostprocessing = 0;
		};
		241E82FA1AF3158F009DF9C1 /* Sources */ = {
			isa = PBXSourcesBuildPhase;
			buildActionMask = 2147483647;
			files = (
				241E83051AF3158F009DF9C1 /* KeyCountTests.m in Sources */,
			);
			runOnlyForDeploymentPostprocessing = 0;
		};
/* End PBXSourcesBuildPhase section */

/* Begin PBXTargetDependency section */
		241E83001AF3158F009DF9C1 /* PBXTargetDependency */ = {
			isa = PBXTargetDependency;
			target = 241E82E41AF3158F009DF9C1 /* KeyCount */;
			targetProxy = 241E82FF1AF3158F009DF9C1 /* PBXContainerItemProxy */;
		};
/* End PBXTargetDependency section */

/* Begin PBXVariantGroup section */
		241E82F71AF3158F009DF9C1 /* Main.storyboard */ = {
			isa = PBXVariantGroup;
			children = (
				241E82F81AF3158F009DF9C1 /* Base */,
			);
			name = Main.storyboard;
			sourceTree = "<group>";
		};
/* End PBXVariantGroup section */

/* Begin XCBuildConfiguration section */
		241E83061AF3158F009DF9C1 /* Debug */ = {
			isa = XCBuildConfiguration;
			buildSettings = {
				ALWAYS_SEARCH_USER_PATHS = NO;
				CLANG_CXX_LANGUAGE_STANDARD = "gnu++0x";
				CLANG_CXX_LIBRARY = "libc++";
				CLANG_ENABLE_MODULES = YES;
				CLANG_ENABLE_OBJC_ARC = YES;
				CLANG_WARN_BOOL_CONVERSION = YES;
				CLANG_WARN_CONSTANT_CONVERSION = YES;
				CLANG_WARN_DIRECT_OBJC_ISA_USAGE = YES_ERROR;
				CLANG_WARN_EMPTY_BODY = YES;
				CLANG_WARN_ENUM_CONVERSION = YES;
				CLANG_WARN_INT_CONVERSION = YES;
				CLANG_WARN_OBJC_ROOT_CLASS = YES_ERROR;
				CLANG_WARN_UNREACHABLE_CODE = YES;
				CLANG_WARN__DUPLICATE_METHOD_MATCH = YES;
				CODE_SIGN_IDENTITY = "-";
				COPY_PHASE_STRIP = NO;
				DEBUG_INFORMATION_FORMAT = dwarf;
				ENABLE_STRICT_OBJC_MSGSEND = YES;
				GCC_C_LANGUAGE_STANDARD = gnu99;
				GCC_DYNAMIC_NO_PIC = NO;
				GCC_NO_COMMON_BLOCKS = YES;
				GCC_OPTIMIZATION_LEVEL = 0;
				GCC_PREPROCESSOR_DEFINITIONS = (
					"DEBUG=1",
					"$(inherited)",
				);
				GCC_SYMBOLS_PRIVATE_EXTERN = NO;
				GCC_WARN_64_TO_32_BIT_CONVERSION = YES;
				GCC_WARN_ABOUT_RETURN_TYPE = YES_ERROR;
				GCC_WARN_UNDECLARED_SELECTOR = YES;
				GCC_WARN_UNINITIALIZED_AUTOS = YES_AGGRESSIVE;
				GCC_WARN_UNUSED_FUNCTION = YES;
				GCC_WARN_UNUSED_VARIABLE = YES;
				MACOSX_DEPLOYMENT_TARGET = 10.10;
				MTL_ENABLE_DEBUG_INFO = YES;
				ONLY_ACTIVE_ARCH = YES;
				SDKROOT = macosx;
			};
			name = Debug;
		};
		241E83071AF3158F009DF9C1 /* Release */ = {
			isa = XCBuildConfiguration;
			buildSettings = {
				ALWAYS_SEARCH_USER_PATHS = NO;
				CLANG_CXX_LANGUAGE_STANDARD = "gnu++0x";
				CLANG_CXX_LIBRARY = "libc++";
				CLANG_ENABLE_MODULES = YES;
				CLANG_ENABLE_OBJC_ARC = YES;
				CLANG_WARN_BOOL_CONVERSION = YES;
				CLANG_WARN_CONSTANT_CONVERSION = YES;
				CLANG_WARN_DIRECT_OBJC_ISA_USAGE = YES_ERROR;
				CLANG_WARN_EMPTY_BODY = YES;
				CLANG_WARN_ENUM_CONVERSION = YES;
				CLANG_WARN_INT_CONVERSION = YES;
				CLANG_WARN_OBJC_ROOT_CLASS = YES_ERROR;
				CLANG_WARN_UNREACHABLE_CODE = YES;
				CLANG_WARN__DUPLICATE_METHOD_MATCH = YES;
				CODE_SIGN_IDENTITY = "-";
				COPY_PHASE_STRIP = NO;
				DEBUG_INFORMATION_FORMAT = "dwarf-with-dsym";
				ENABLE_NS_ASSERTIONS = NO;
				ENABLE_STRICT_OBJC_MSGSEND = YES;
				GCC_C_LANGUAGE_STANDARD = gnu99;
				GCC_NO_COMMON_BLOCKS = YES;
				GCC_WARN_64_TO_32_BIT_CONVERSION = YES;
				GCC_WARN_ABOUT_RETURN_TYPE = YES_ERROR;
				GCC_WARN_UNDECLARED_SELECTOR = YES;
				GCC_WARN_UNINITIALIZED_AUTOS = YES_AGGRESSIVE;
				GCC_WARN_UNUSED_FUNCTION = YES;
				GCC_WARN_UNUSED_VARIABLE = YES;
				MACOSX_DEPLOYMENT_TARGET = 10.10;
				MTL_ENABLE_DEBUG_INFO = NO;
				SDKROOT = macosx;
			};
			name = Release;
		};
		241E83091AF3158F009DF9C1 /* Debug */ = {
			isa = XCBuildConfiguration;
			buildSettings = {
				ASSETCATALOG_COMPILER_APPICON_NAME = AppIcon;
				COMBINE_HIDPI_IMAGES = YES;
				INFOPLIST_FILE = KeyCount/Info.plist;
				LD_RUNPATH_SEARCH_PATHS = "$(inherited) @executable_path/../Frameworks";
				PRODUCT_NAME = "$(TARGET_NAME)";
			};
			name = Debug;
		};
		241E830A1AF3158F009DF9C1 /* Release */ = {
			isa = XCBuildConfiguration;
			buildSettings = {
				ASSETCATALOG_COMPILER_APPICON_NAME = AppIcon;
				COMBINE_HIDPI_IMAGES = YES;
				INFOPLIST_FILE = KeyCount/Info.plist;
				LD_RUNPATH_SEARCH_PATHS = "$(inherited) @executable_path/../Frameworks";
				PRODUCT_NAME = "$(TARGET_NAME)";
			};
			name = Release;
		};
		241E830C1AF3158F009DF9C1 /* Debug */ = {
			isa = XCBuildConfiguration;
			buildSettings = {
				BUNDLE_LOADER = "$(TEST_HOST)";
				COMBINE_HIDPI_IMAGES = YES;
				FRAMEWORK_SEARCH_PATHS = (
					"$(DEVELOPER_FRAMEWORKS_DIR)",
					"$(inherited)",
				);
				GCC_PREPROCESSOR_DEFINITIONS = (
					"DEBUG=1",
					"$(inherited)",
				);
				INFOPLIST_FILE = KeyCountTests/Info.plist;
				LD_RUNPATH_SEARCH_PATHS = "$(inherited) @executable_path/../Frameworks @loader_path/../Frameworks";
				PRODUCT_NAME = "$(TARGET_NAME)";
				TEST_HOST = "$(BUILT_PRODUCTS_DIR)/KeyCount.app/Contents/MacOS/KeyCount";
			};
			name = Debug;
		};
		241E830D1AF3158F009DF9C1 /* Release */ = {
			isa = XCBuildConfiguration;
			buildSettings = {
				BUNDLE_LOADER = "$(TEST_HOST)";
				COMBINE_HIDPI_IMAGES = YES;
				FRAMEWORK_SEARCH_PATHS = (
					"$(DEVELOPER_FRAMEWORKS_DIR)",
					"$(inherited)",
				);
				INFOPLIST_FILE = KeyCountTests/Info.plist;
				LD_RUNPATH_SEARCH_PATHS = "$(inherited) @executable_path/../Frameworks @loader_path/../Frameworks";
				PRODUCT_NAME = "$(TARGET_NAME)";
				TEST_HOST = "$(BUILT_PRODUCTS_DIR)/KeyCount.app/Contents/MacOS/KeyCount";
			};
			name = Release;
		};
/* End XCBuildConfiguration section */

/* Begin XCConfigurationList section */
		241E82E01AF3158F009DF9C1 /* Build configuration list for PBXProject "KeyCount" */ = {
			isa = XCConfigurationList;
			buildConfigurations = (
				241E83061AF3158F009DF9C1 /* Debug */,
				241E83071AF3158F009DF9C1 /* Release */,
			);
			defaultConfigurationIsVisible = 0;
			defaultConfigurationName = Release;
		};
		241E83081AF3158F009DF9C1 /* Build configuration list for PBXNativeTarget "KeyCount" */ = {
			isa = XCConfigurationList;
			buildConfigurations = (
				241E83091AF3158F009DF9C1 /* Debug */,
				241E830A1AF3158F009DF9C1 /* Release */,
			);
			defaultConfigurationIsVisible = 0;
		};
		241E830B1AF3158F009DF9C1 /* Build configuration list for PBXNativeTarget "KeyCountTests" */ = {
			isa = XCConfigurationList;
			buildConfigurations = (
				241E830C1AF3158F009DF9C1 /* Debug */,
				241E830D1AF3158F009DF9C1 /* Release */,
			);
			defaultConfigurationIsVisible = 0;
		};
/* End XCConfigurationList section */

/* Begin XCVersionGroup section */
		241E82F21AF3158F009DF9C1 /* KeyCount.xcdatamodeld */ = {
			isa = XCVersionGroup;
			children = (
				241E82F31AF3158F009DF9C1 /* KeyCount.xcdatamodel */,
			);
			currentVersion = 241E82F31AF3158F009DF9C1 /* KeyCount.xcdatamodel */;
			path = KeyCount.xcdatamodeld;
			sourceTree = "<group>";
			versionGroupType = wrapper.xcdatamodel;
		};
/* End XCVersionGroup section */
	};
	rootObject = 241E82DD1AF3158F009DF9C1 /* Project object */;
}
